
Microsoft Visual Studio Solution File, Format Version 12.00
# Visual Studio Version 16
VisualStudioVersion = 16.0.31515.178
MinimumVisualStudioVersion = 10.0.40219.1
Project("{FAE04EC0-301F-11D3-BF4B-00C04F79EFBC}") = "A1Final", "A1Final\A1Final.csproj", "{7BBAFEDB-B76D-4A59-B153-795745AECDD1}"
EndProject
Global
	GlobalSection(SolutionConfigurationPlatforms) = preSolution
		Debug|Any CPU = Debug|Any CPU
		Release|Any CPU = Release|Any CPU
	EndGlobalSection
	GlobalSection(ProjectConfigurationPlatforms) = postSolution
		{7BBAFEDB-B76D-4A59-B153-795745AECDD1}.Debug|Any CPU.ActiveCfg = Debug|Any CPU
		{7BBAFEDB-B76D-4A59-B153-795745AECDD1}.Debug|Any CPU.Build.0 = Debug|Any CPU
		{7BBAFEDB-B76D-4A59-B153-795745AECDD1}.Release|Any CPU.ActiveCfg = Release|Any CPU
		{7BBAFEDB-B76D-4A59-B153-795745AECDD1}.Release|Any CPU.Build.0 = Release|Any CPU
	EndGlobalSection
	GlobalSection(SolutionProperties) = preSolution
		HideSolutionNode = FALSE
	EndGlobalSection
	GlobalSection(ExtensibilityGlobals) = postSolution
		SolutionGuid = {1F0DBF85-560D-4ABB-BB08-E47318E973E2}
	EndGlobalSection
EndGlobal
